# This file is autogenerated, do not edit; changes may be undone by the next 'dep ensure'.


[[projects]]
  name = "github.com/gorilla/websocket"
  packages = ["."]
  revision = "ea4d1f681babbce9545c9c5f3d5194a789c89f5b"
  version = "v1.2.0"

[[projects]]
  name = "github.com/mattn/go-mastodon"
  packages = ["."]
  revision = "730317321abbdea25c96311c94eee46ca253dfc9"
  version = "v0.0.2"

[[projects]]
  name = "github.com/tomnomnom/linkheader"
  packages = ["."]
  revision = "6953a30d444317754766fccdd3f7f000edc874f6"
  version = "0.1.0"

[solve-meta]
  analyzer-name = "dep"
  analyzer-version = 1
  inputs-digest = "dd9be9fdd1fe04eac485cac807e5e538214e916e4799a6923140417b262a25f4"
  solver-name = "gps-cdcl"
  solver-version = 1
